
Microsoft Visual Studio Solution File, Format Version 12.00
# Visual Studio Version 16
VisualStudioVersion = 16.0.31321.278
MinimumVisualStudioVersion = 10.0.40219.1
Project("{8BC9CEB8-8B4A-11D0-8D11-00A0C91BC942}") = "DanielOrdonez_ProjBigData", "DanielOrdonez_ProjBigData\DanielOrdonez_ProjBigData.vcxproj", "{B68ADDC6-89D0-4088-A984-37D02CD58DDB}"
EndProject
Global
	GlobalSection(SolutionConfigurationPlatforms) = preSolution
		Debug|x64 = Debug|x64
		Debug|x86 = Debug|x86
		Release|x64 = Release|x64
		Release|x86 = Release|x86
	EndGlobalSection
	GlobalSection(ProjectConfigurationPlatforms) = postSolution
		{B68ADDC6-89D0-4088-A984-37D02CD58DDB}.Debug|x64.ActiveCfg = Debug|x64
		{B68ADDC6-89D0-4088-A984-37D02CD58DDB}.Debug|x64.Build.0 = Debug|x64
		{B68ADDC6-89D0-4088-A984-37D02CD58DDB}.Debug|x86.ActiveCfg = Debug|Win32
		{B68ADDC6-89D0-4088-A984-37D02CD58DDB}.Debug|x86.Build.0 = Debug|Win32
		{B68ADDC6-89D0-4088-A984-37D02CD58DDB}.Release|x64.ActiveCfg = Release|x64
		{B68ADDC6-89D0-4088-A984-37D02CD58DDB}.Release|x64.Build.0 = Release|x64
		{B68ADDC6-89D0-4088-A984-37D02CD58DDB}.Release|x86.ActiveCfg = Release|Win32
		{B68ADDC6-89D0-4088-A984-37D02CD58DDB}.Release|x86.Build.0 = Release|Win32
	EndGlobalSection
	GlobalSection(SolutionProperties) = preSolution
		HideSolutionNode = FALSE
	EndGlobalSection
	GlobalSection(ExtensibilityGlobals) = postSolution
		SolutionGuid = {A70EBDCF-93EC-4766-8DEC-FC75A73379D8}
	EndGlobalSection
EndGlobal
