
Microsoft Visual Studio Solution File, Format Version 12.00
# Visual Studio Version 16
VisualStudioVersion = 16.0.31702.278
MinimumVisualStudioVersion = 10.0.40219.1
Project("{8BC9CEB8-8B4A-11D0-8D11-00A0C91BC942}") = "CS297_2-4-2022 (Lab - Week 6)", "CS297_2-4-2022 (Lab - Week 6).vcxproj", "{8330FA6B-0F47-4B11-B2B7-DAC0BC342D90}"
EndProject
Global
	GlobalSection(SolutionConfigurationPlatforms) = preSolution
		Debug|x64 = Debug|x64
		Debug|x86 = Debug|x86
		Release|x64 = Release|x64
		Release|x86 = Release|x86
	EndGlobalSection
	GlobalSection(ProjectConfigurationPlatforms) = postSolution
		{8330FA6B-0F47-4B11-B2B7-DAC0BC342D90}.Debug|x64.ActiveCfg = Debug|x64
		{8330FA6B-0F47-4B11-B2B7-DAC0BC342D90}.Debug|x64.Build.0 = Debug|x64
		{8330FA6B-0F47-4B11-B2B7-DAC0BC342D90}.Debug|x86.ActiveCfg = Debug|Win32
		{8330FA6B-0F47-4B11-B2B7-DAC0BC342D90}.Debug|x86.Build.0 = Debug|Win32
		{8330FA6B-0F47-4B11-B2B7-DAC0BC342D90}.Release|x64.ActiveCfg = Release|x64
		{8330FA6B-0F47-4B11-B2B7-DAC0BC342D90}.Release|x64.Build.0 = Release|x64
		{8330FA6B-0F47-4B11-B2B7-DAC0BC342D90}.Release|x86.ActiveCfg = Release|Win32
		{8330FA6B-0F47-4B11-B2B7-DAC0BC342D90}.Release|x86.Build.0 = Release|Win32
	EndGlobalSection
	GlobalSection(SolutionProperties) = preSolution
		HideSolutionNode = FALSE
	EndGlobalSection
	GlobalSection(ExtensibilityGlobals) = postSolution
		SolutionGuid = {BFB634C4-5D91-4BD2-8F77-62CE175E2E0F}
	EndGlobalSection
EndGlobal
