
Microsoft Visual Studio Solution File, Format Version 12.00
# Visual Studio Version 16
VisualStudioVersion = 16.0.31702.278
MinimumVisualStudioVersion = 10.0.40219.1
Project("{8BC9CEB8-8B4A-11D0-8D11-00A0C91BC942}") = "cs297datastructures (Lab - Week 8)", "cs297datastructures (Lab - Week 8).vcxproj", "{BD9E0640-8605-45F6-822D-0B4CC3C72DCC}"
EndProject
Global
	GlobalSection(SolutionConfigurationPlatforms) = preSolution
		Debug|x64 = Debug|x64
		Debug|x86 = Debug|x86
		Release|x64 = Release|x64
		Release|x86 = Release|x86
	EndGlobalSection
	GlobalSection(ProjectConfigurationPlatforms) = postSolution
		{BD9E0640-8605-45F6-822D-0B4CC3C72DCC}.Debug|x64.ActiveCfg = Debug|x64
		{BD9E0640-8605-45F6-822D-0B4CC3C72DCC}.Debug|x64.Build.0 = Debug|x64
		{BD9E0640-8605-45F6-822D-0B4CC3C72DCC}.Debug|x86.ActiveCfg = Debug|Win32
		{BD9E0640-8605-45F6-822D-0B4CC3C72DCC}.Debug|x86.Build.0 = Debug|Win32
		{BD9E0640-8605-45F6-822D-0B4CC3C72DCC}.Release|x64.ActiveCfg = Release|x64
		{BD9E0640-8605-45F6-822D-0B4CC3C72DCC}.Release|x64.Build.0 = Release|x64
		{BD9E0640-8605-45F6-822D-0B4CC3C72DCC}.Release|x86.ActiveCfg = Release|Win32
		{BD9E0640-8605-45F6-822D-0B4CC3C72DCC}.Release|x86.Build.0 = Release|Win32
	EndGlobalSection
	GlobalSection(SolutionProperties) = preSolution
		HideSolutionNode = FALSE
	EndGlobalSection
	GlobalSection(ExtensibilityGlobals) = postSolution
		SolutionGuid = {EC1FB073-EAD7-486C-941A-3E9048A27C54}
	EndGlobalSection
EndGlobal
